
Microsoft Visual Studio Solution File, Format Version 12.00
Project("{FAE04EC0-301F-11D3-BF4B-00C04F79EFBC}") = "HR.LeaveManagement.Domain", "src\Core\HR.LeaveManagement.Domain\HR.LeaveManagement.Domain.csproj", "{11980769-D635-4091-A69D-12D3E05DF048}"
EndProject
Project("{FAE04EC0-301F-11D3-BF4B-00C04F79EFBC}") = "HR.LeaveManagement.Application", "src\Core\HR.LeaveManagement.Application\HR.LeaveManagement.Application.csproj", "{DFACB945-18B7-4703-97A5-F149F75C301F}"
EndProject
Project("{FAE04EC0-301F-11D3-BF4B-00C04F79EFBC}") = "HR.LeaveManagement.Persistence", "src\Infrastructure\HR.LeaveManagement.Persistence\HR.LeaveManagement.Persistence.csproj", "{3AE66D2A-AE71-4EE9-9486-A33CDDB2184C}"
EndProject
Project("{FAE04EC0-301F-11D3-BF4B-00C04F79EFBC}") = "HR.LeaveManagement.Infrastructure", "src\Infrastructure\HR.LeaveManagement.Infrastructure\HR.LeaveManagement.Infrastructure.csproj", "{90A46D2F-EBC5-4A23-A071-B9F41AB28FD4}"
EndProject
Project("{FAE04EC0-301F-11D3-BF4B-00C04F79EFBC}") = "HR.LeaveManagement.Api", "src\API\HR.LeaveManagement.Api\HR.LeaveManagement.Api.csproj", "{E1AF5B68-086D-4946-9495-40C71A939FB3}"
EndProject
Project("{FAE04EC0-301F-11D3-BF4B-00C04F79EFBC}") = "HR.LeaveManagement.Application.UnitTests", "test\HR.LeaveManagement.Application.UnitTests\HR.LeaveManagement.Application.UnitTests.csproj", "{41F225CF-F165-40E0-8F70-3E958543CC95}"
EndProject
Global
	GlobalSection(SolutionConfigurationPlatforms) = preSolution
		Debug|Any CPU = Debug|Any CPU
		Release|Any CPU = Release|Any CPU
	EndGlobalSection
	GlobalSection(ProjectConfigurationPlatforms) = postSolution
		{11980769-D635-4091-A69D-12D3E05DF048}.Debug|Any CPU.ActiveCfg = Debug|Any CPU
		{11980769-D635-4091-A69D-12D3E05DF048}.Debug|Any CPU.Build.0 = Debug|Any CPU
		{11980769-D635-4091-A69D-12D3E05DF048}.Release|Any CPU.ActiveCfg = Release|Any CPU
		{11980769-D635-4091-A69D-12D3E05DF048}.Release|Any CPU.Build.0 = Release|Any CPU
		{DFACB945-18B7-4703-97A5-F149F75C301F}.Debug|Any CPU.ActiveCfg = Debug|Any CPU
		{DFACB945-18B7-4703-97A5-F149F75C301F}.Debug|Any CPU.Build.0 = Debug|Any CPU
		{DFACB945-18B7-4703-97A5-F149F75C301F}.Release|Any CPU.ActiveCfg = Release|Any CPU
		{DFACB945-18B7-4703-97A5-F149F75C301F}.Release|Any CPU.Build.0 = Release|Any CPU
		{3AE66D2A-AE71-4EE9-9486-A33CDDB2184C}.Debug|Any CPU.ActiveCfg = Debug|Any CPU
		{3AE66D2A-AE71-4EE9-9486-A33CDDB2184C}.Debug|Any CPU.Build.0 = Debug|Any CPU
		{3AE66D2A-AE71-4EE9-9486-A33CDDB2184C}.Release|Any CPU.ActiveCfg = Release|Any CPU
		{3AE66D2A-AE71-4EE9-9486-A33CDDB2184C}.Release|Any CPU.Build.0 = Release|Any CPU
		{90A46D2F-EBC5-4A23-A071-B9F41AB28FD4}.Debug|Any CPU.ActiveCfg = Debug|Any CPU
		{90A46D2F-EBC5-4A23-A071-B9F41AB28FD4}.Debug|Any CPU.Build.0 = Debug|Any CPU
		{90A46D2F-EBC5-4A23-A071-B9F41AB28FD4}.Release|Any CPU.ActiveCfg = Release|Any CPU
		{90A46D2F-EBC5-4A23-A071-B9F41AB28FD4}.Release|Any CPU.Build.0 = Release|Any CPU
		{E1AF5B68-086D-4946-9495-40C71A939FB3}.Debug|Any CPU.ActiveCfg = Debug|Any CPU
		{E1AF5B68-086D-4946-9495-40C71A939FB3}.Debug|Any CPU.Build.0 = Debug|Any CPU
		{E1AF5B68-086D-4946-9495-40C71A939FB3}.Release|Any CPU.ActiveCfg = Release|Any CPU
		{E1AF5B68-086D-4946-9495-40C71A939FB3}.Release|Any CPU.Build.0 = Release|Any CPU
		{41F225CF-F165-40E0-8F70-3E958543CC95}.Debug|Any CPU.ActiveCfg = Debug|Any CPU
		{41F225CF-F165-40E0-8F70-3E958543CC95}.Debug|Any CPU.Build.0 = Debug|Any CPU
		{41F225CF-F165-40E0-8F70-3E958543CC95}.Release|Any CPU.ActiveCfg = Release|Any CPU
		{41F225CF-F165-40E0-8F70-3E958543CC95}.Release|Any CPU.Build.0 = Release|Any CPU
	EndGlobalSection
EndGlobal
